{
  "name": "@wizsolucoes/ng-application-insights",
  "version": "1.2.2",
  "lockfileVersion": 3,
  "requires": true,
  "packages": {
    "": {
      "name": "@wizsolucoes/ng-application-insights",
      "version": "1.2.2",
      "dependencies": {
        "tslib": "^2.6.0"
      },
      "devDependencies": {
        "@microsoft/applicationinsights-web": "^3.0.2"
      },
      "peerDependencies": {
        "@microsoft/applicationinsights-web": "^3.0.2"
      }
    },
    "node_modules/@microsoft/applicationinsights-analytics-js": {
      "version": "3.0.2",
      "resolved": "https://registry.npmjs.org/@microsoft/applicationinsights-analytics-js/-/applicationinsights-analytics-js-3.0.2.tgz",
      "integrity": "sha512-vrgEiT6cKC2Yb0Y6rCp9CXjFStlRZLI/IhIiBEGYaUfzoytLxUj6F/AizUDYBuNQfE+CTYe0jNyqf+RJgEMkJQ==",
      "dev": true,
      "dependencies": {
        "@microsoft/applicationinsights-common": "3.0.2",
        "@microsoft/applicationinsights-core-js": "3.0.2",
        "@microsoft/applicationinsights-shims": "3.0.1",
        "@microsoft/dynamicproto-js": "^2.0.2",
        "@nevware21/ts-utils": ">= 0.9.5 < 2.x"
      },
      "peerDependencies": {
        "tslib": "*"
      }
    },
    "node_modules/@microsoft/applicationinsights-channel-js": {
      "version": "3.0.2",
      "resolved": "https://registry.npmjs.org/@microsoft/applicationinsights-channel-js/-/applicationinsights-channel-js-3.0.2.tgz",
      "integrity": "sha512-jDBNKbCHsJgmpv0CKNhJ/uN9ZphvfGdb93Svk+R4LjO8L3apNNMbDDPxBvXXi0uigRmA1TBcmyBG4IRKjabGhw==",
      "dev": true,
      "dependencies": {
        "@microsoft/applicationinsights-common": "3.0.2",
        "@microsoft/applicationinsights-core-js": "3.0.2",
        "@microsoft/applicationinsights-shims": "3.0.1",
        "@microsoft/dynamicproto-js": "^2.0.2",
        "@nevware21/ts-async": ">= 0.2.4 < 2.x",
        "@nevware21/ts-utils": ">= 0.9.5 < 2.x"
      },
      "peerDependencies": {
        "tslib": "*"
      }
    },
    "node_modules/@microsoft/applicationinsights-common": {
      "version": "3.0.2",
      "resolved": "https://registry.npmjs.org/@microsoft/applicationinsights-common/-/applicationinsights-common-3.0.2.tgz",
      "integrity": "sha512-y+WXWop+OVim954Cu1uyYMnNx6PWO8okHpZIQi/1YSqtqaYdtJVPv4P0AVzwJdohxzVfgzKvqj9nec/VWqE2Zg==",
      "dev": true,
      "dependencies": {
        "@microsoft/applicationinsights-core-js": "3.0.2",
        "@microsoft/applicationinsights-shims": "3.0.1",
        "@microsoft/dynamicproto-js": "^2.0.2",
        "@nevware21/ts-utils": ">= 0.9.5 < 2.x"
      },
      "peerDependencies": {
        "tslib": "*"
      }
    },
    "node_modules/@microsoft/applicationinsights-core-js": {
      "version": "3.0.2",
      "resolved": "https://registry.npmjs.org/@microsoft/applicationinsights-core-js/-/applicationinsights-core-js-3.0.2.tgz",
      "integrity": "sha512-WQhVhzlRlLDrQzn3OShCW/pL3BW5WC57t0oywSknX3q7lMzI3jDg7Ihh0iuIcNTzGCTbDkuqr4d6IjEDWIMtJQ==",
      "dev": true,
      "dependencies": {
        "@microsoft/applicationinsights-shims": "3.0.1",
        "@microsoft/dynamicproto-js": "^2.0.2",
        "@nevware21/ts-async": ">= 0.2.4 < 2.x",
        "@nevware21/ts-utils": ">= 0.9.5 < 2.x"
      },
      "peerDependencies": {
        "tslib": "*"
      }
    },
    "node_modules/@microsoft/applicationinsights-dependencies-js": {
      "version": "3.0.2",
      "resolved": "https://registry.npmjs.org/@microsoft/applicationinsights-dependencies-js/-/applicationinsights-dependencies-js-3.0.2.tgz",
      "integrity": "sha512-b/YTonnbghg9DOFsLg4zdbYPafW8fPIzV+nZxfPPpxjA1LGvPhZz/zVx9YYWJg2RBXjojLQoJxLf1ro5eNGVig==",
      "dev": true,
      "dependencies": {
        "@microsoft/applicationinsights-common": "3.0.2",
        "@microsoft/applicationinsights-core-js": "3.0.2",
        "@microsoft/applicationinsights-shims": "3.0.1",
        "@microsoft/dynamicproto-js": "^2.0.2",
        "@nevware21/ts-async": ">= 0.2.4 < 2.x",
        "@nevware21/ts-utils": ">= 0.9.5 < 2.x"
      },
      "peerDependencies": {
        "tslib": "*"
      }
    },
    "node_modules/@microsoft/applicationinsights-properties-js": {
      "version": "3.0.2",
      "resolved": "https://registry.npmjs.org/@microsoft/applicationinsights-properties-js/-/applicationinsights-properties-js-3.0.2.tgz",
      "integrity": "sha512-PFqicp8q4Tc0hqfPjwfqKo12gEqTk1l4lMyUUIU7ugE1XOuDkZcMPha05KnZWKj+F4zQXJcetcAHoVkyoyCFQw==",
      "dev": true,
      "dependencies": {
        "@microsoft/applicationinsights-common": "3.0.2",
        "@microsoft/applicationinsights-core-js": "3.0.2",
        "@microsoft/applicationinsights-shims": "3.0.1",
        "@microsoft/dynamicproto-js": "^2.0.2",
        "@nevware21/ts-utils": ">= 0.9.5 < 2.x"
      },
      "peerDependencies": {
        "tslib": "*"
      }
    },
    "node_modules/@microsoft/applicationinsights-shims": {
      "version": "3.0.1",
      "resolved": "https://registry.npmjs.org/@microsoft/applicationinsights-shims/-/applicationinsights-shims-3.0.1.tgz",
      "integrity": "sha512-DKwboF47H1nb33rSUfjqI6ryX29v+2QWcTrRvcQDA32AZr5Ilkr7whOOSsD1aBzwqX0RJEIP1Z81jfE3NBm/Lg==",
      "dev": true,
      "dependencies": {
        "@nevware21/ts-utils": ">= 0.9.4 < 2.x"
      }
    },
    "node_modules/@microsoft/applicationinsights-web": {
      "version": "3.0.2",
      "resolved": "https://registry.npmjs.org/@microsoft/applicationinsights-web/-/applicationinsights-web-3.0.2.tgz",
      "integrity": "sha512-pf2zz/3mmGy1RoyaiLZwhHoE2mFZ+AWR3Zf7xPW7HjTG7dEE4BnovNyW3f9Eu6WWkcHUAHmS/ATzqvVlpB3W6A==",
      "dev": true,
      "dependencies": {
        "@microsoft/applicationinsights-analytics-js": "3.0.2",
        "@microsoft/applicationinsights-channel-js": "3.0.2",
        "@microsoft/applicationinsights-common": "3.0.2",
        "@microsoft/applicationinsights-core-js": "3.0.2",
        "@microsoft/applicationinsights-dependencies-js": "3.0.2",
        "@microsoft/applicationinsights-properties-js": "3.0.2",
        "@microsoft/applicationinsights-shims": "3.0.1",
        "@microsoft/dynamicproto-js": "^2.0.2",
        "@nevware21/ts-async": ">= 0.2.4 < 2.x",
        "@nevware21/ts-utils": ">= 0.9.5 < 2.x"
      },
      "peerDependencies": {
        "tslib": "*"
      }
    },
    "node_modules/@microsoft/dynamicproto-js": {
      "version": "2.0.2",
      "resolved": "https://registry.npmjs.org/@microsoft/dynamicproto-js/-/dynamicproto-js-2.0.2.tgz",
      "integrity": "sha512-MB8trWaFREpmb037k/d0bB7T2BP7Ai24w1e1tbz3ASLB0/lwphsq3Nq8S9I5AsI5vs4zAQT+SB5nC5/dLYTiOg==",
      "dev": true,
      "dependencies": {
        "@nevware21/ts-utils": ">= 0.9.4 < 2.x"
      }
    },
    "node_modules/@nevware21/ts-async": {
      "version": "0.2.6",
      "resolved": "https://registry.npmjs.org/@nevware21/ts-async/-/ts-async-0.2.6.tgz",
      "integrity": "sha512-NCUqEZSbsy7LVtKlUScd/eTst6djkWauLlzoIPVKCOxalEBdO8lrgNRIm4Xy68JNudNN5faqa2WA12X8m0BVhA==",
      "dev": true,
      "dependencies": {
        "@nevware21/ts-utils": ">= 0.9.7 < 2.x"
      },
      "peerDependencies": {
        "typescript": ">=1"
      }
    },
    "node_modules/@nevware21/ts-utils": {
      "version": "0.9.8",
      "resolved": "https://registry.npmjs.org/@nevware21/ts-utils/-/ts-utils-0.9.8.tgz",
      "integrity": "sha512-kZ8s8hcn9jPVX/M7kSsBYrOGlHjqLahmxrG7QeKTk5paeVwfgKdvVCjj5Acb4UGb/ukU1G34U1Z3eb7bbVanyA==",
      "dev": true,
      "peerDependencies": {
        "typescript": ">=1"
      }
    },
    "node_modules/tslib": {
      "version": "2.6.1",
      "resolved": "https://registry.npmjs.org/tslib/-/tslib-2.6.1.tgz",
      "integrity": "sha512-t0hLfiEKfMUoqhG+U1oid7Pva4bbDPHYfJNiB7BiIjRkj1pyC++4N3huJfqY6aRH6VTB0rvtzQwjM4K6qpfOig=="
    },
    "node_modules/typescript": {
      "version": "5.1.6",
      "resolved": "https://registry.npmjs.org/typescript/-/typescript-5.1.6.tgz",
      "integrity": "sha512-zaWCozRZ6DLEWAWFrVDz1H6FVXzUSfTy5FUMWsQlU8Ym5JP9eO4xkTIROFCQvhQf61z6O/G6ugw3SgAnvvm+HA==",
      "dev": true,
      "peer": true,
      "bin": {
        "tsc": "bin/tsc",
        "tsserver": "bin/tsserver"
      },
      "engines": {
        "node": ">=14.17"
      }
    }
  }
}
