{
  "name": "@wizsolucoes/ng-application-insights",
  "version": "1.0.0-alpha.1",
  "lockfileVersion": 1,
  "requires": true,
  "dependencies": {
    "@microsoft/applicationinsights-analytics-js": {
      "version": "2.5.9",
      "resolved": "https://registry.npmjs.org/@microsoft/applicationinsights-analytics-js/-/applicationinsights-analytics-js-2.5.9.tgz",
      "integrity": "sha512-9L3fb1H1as+J3J2j2EDx1HEMdrucjgR4INqahy+ZAxDPFvR3HCOedYzx645zObBIPu7QkH2LAjPk4fuNGHR1rg==",
      "dev": true,
      "requires": {
        "@microsoft/applicationinsights-common": "2.5.9",
        "@microsoft/applicationinsights-core-js": "2.5.9",
        "@microsoft/applicationinsights-shims": "1.0.3",
        "@microsoft/dynamicproto-js": "^1.0.0"
      }
    },
    "@microsoft/applicationinsights-channel-js": {
      "version": "2.5.9",
      "resolved": "https://registry.npmjs.org/@microsoft/applicationinsights-channel-js/-/applicationinsights-channel-js-2.5.9.tgz",
      "integrity": "sha512-NAQ/2wWmD+gaIZDCMzzwxm8RcbswDvUO5BYeuW9UHJaFuEZ9o9xpztKVz32u4CMv7OI/mLOqnmR4rb0d+kUMwQ==",
      "dev": true,
      "requires": {
        "@microsoft/applicationinsights-common": "2.5.9",
        "@microsoft/applicationinsights-core-js": "2.5.9",
        "@microsoft/applicationinsights-shims": "1.0.3",
        "@microsoft/dynamicproto-js": "^1.0.0"
      }
    },
    "@microsoft/applicationinsights-common": {
      "version": "2.5.9",
      "resolved": "https://registry.npmjs.org/@microsoft/applicationinsights-common/-/applicationinsights-common-2.5.9.tgz",
      "integrity": "sha512-dKmXO9m55uRDhpoa0P7l+BApf+lsrqjgoLeKv+ABM8ygIyd9JH6CDcdaT3af+kUFtt9Oj3ChyfueKr1EVOdGkQ==",
      "dev": true,
      "requires": {
        "@microsoft/applicationinsights-core-js": "2.5.9",
        "@microsoft/applicationinsights-shims": "1.0.3"
      }
    },
    "@microsoft/applicationinsights-core-js": {
      "version": "2.5.9",
      "resolved": "https://registry.npmjs.org/@microsoft/applicationinsights-core-js/-/applicationinsights-core-js-2.5.9.tgz",
      "integrity": "sha512-KE9h1wmC/Ckm7jYjsMF1SEWQnk0v0CRzZq1upSARgPH7BgmyClXz1kdnLtuTWz8Aha8IIH9dW2hUOfPCdR+BpQ==",
      "dev": true,
      "requires": {
        "@microsoft/applicationinsights-shims": "1.0.3",
        "@microsoft/dynamicproto-js": "^1.0.0"
      }
    },
    "@microsoft/applicationinsights-dependencies-js": {
      "version": "2.5.9",
      "resolved": "https://registry.npmjs.org/@microsoft/applicationinsights-dependencies-js/-/applicationinsights-dependencies-js-2.5.9.tgz",
      "integrity": "sha512-pNM/dkUOscV0ul/YJe928+77EBtRkRXO/le/VWzlunoUFaEEo4pirc7NycvPx9w/KxA62JMEogbQsWE6nAmqPg==",
      "dev": true,
      "requires": {
        "@microsoft/applicationinsights-common": "2.5.9",
        "@microsoft/applicationinsights-core-js": "2.5.9",
        "@microsoft/applicationinsights-shims": "1.0.3",
        "@microsoft/dynamicproto-js": "^1.0.0"
      }
    },
    "@microsoft/applicationinsights-properties-js": {
      "version": "2.5.9",
      "resolved": "https://registry.npmjs.org/@microsoft/applicationinsights-properties-js/-/applicationinsights-properties-js-2.5.9.tgz",
      "integrity": "sha512-mZxaC8CZsURn38IwsPaUx+o9QXQU2vm81THZL+1Lc+7scPo55ATDTFgZ2awIj7CdTp69oGzUkpB7maOn6+OVOw==",
      "dev": true,
      "requires": {
        "@microsoft/applicationinsights-common": "2.5.9",
        "@microsoft/applicationinsights-core-js": "2.5.9",
        "@microsoft/applicationinsights-shims": "1.0.3"
      }
    },
    "@microsoft/applicationinsights-shims": {
      "version": "1.0.3",
      "resolved": "https://registry.npmjs.org/@microsoft/applicationinsights-shims/-/applicationinsights-shims-1.0.3.tgz",
      "integrity": "sha512-+S17aqEkOYpyBpmclhgwcEplwnxSo5AxYBdRg38GBobI1GKPSpZfnLssLzcjJ6XZCS5tqB5xjyTZs6gHj7ZJWQ==",
      "dev": true
    },
    "@microsoft/applicationinsights-web": {
      "version": "2.5.9",
      "resolved": "https://registry.npmjs.org/@microsoft/applicationinsights-web/-/applicationinsights-web-2.5.9.tgz",
      "integrity": "sha512-dxg5XXbQqjWw9QmGdgbd7knb1qFA58FFYj9ObqRmlqiihk25kper7H15HH8LaV0lV6goClmBWc9KsNGA2veyeA==",
      "dev": true,
      "requires": {
        "@microsoft/applicationinsights-analytics-js": "2.5.9",
        "@microsoft/applicationinsights-channel-js": "2.5.9",
        "@microsoft/applicationinsights-common": "2.5.9",
        "@microsoft/applicationinsights-core-js": "2.5.9",
        "@microsoft/applicationinsights-dependencies-js": "2.5.9",
        "@microsoft/applicationinsights-properties-js": "2.5.9",
        "@microsoft/applicationinsights-shims": "1.0.3",
        "@microsoft/dynamicproto-js": "^1.0.0"
      }
    },
    "@microsoft/dynamicproto-js": {
      "version": "1.1.0",
      "resolved": "https://registry.npmjs.org/@microsoft/dynamicproto-js/-/dynamicproto-js-1.1.0.tgz",
      "integrity": "sha512-pjcr+A6wTQHl/S4b5zQzeDMC6+9ekojCFHQAEYI4a8u9ZjWwbg4jmtO22CWEuRWWN/lBMjay9FKanlODWk5wqQ==",
      "dev": true
    },
    "tslib": {
      "version": "2.0.3",
      "resolved": "https://registry.npmjs.org/tslib/-/tslib-2.0.3.tgz",
      "integrity": "sha512-uZtkfKblCEQtZKBF6EBXVZeQNl82yqtDQdv+eck8u7tdPxjLu2/lp5/uPW+um2tpuxINHWy3GhiccY7QgEaVHQ=="
    }
  }
}
